
Microsoft Visual Studio Solution File, Format Version 12.00
# Visual Studio Version 16
VisualStudioVersion = 16.0.31205.134
MinimumVisualStudioVersion = 10.0.40219.1
Project("{FAE04EC0-301F-11D3-BF4B-00C04F79EFBC}") = "WinFormsApp1", "WinFormsApp1\WinFormsApp1.csproj", "{CAE6EB58-BCDA-4A22-9837-544F556BAC7C}"
EndProject
Global
	GlobalSection(SolutionConfigurationPlatforms) = preSolution
		Debug|Any CPU = Debug|Any CPU
		Release|Any CPU = Release|Any CPU
	EndGlobalSection
	GlobalSection(ProjectConfigurationPlatforms) = postSolution
		{CAE6EB58-BCDA-4A22-9837-544F556BAC7C}.Debug|Any CPU.ActiveCfg = Debug|Any CPU
		{CAE6EB58-BCDA-4A22-9837-544F556BAC7C}.Debug|Any CPU.Build.0 = Debug|Any CPU
		{CAE6EB58-BCDA-4A22-9837-544F556BAC7C}.Release|Any CPU.ActiveCfg = Release|Any CPU
		{CAE6EB58-BCDA-4A22-9837-544F556BAC7C}.Release|Any CPU.Build.0 = Release|Any CPU
	EndGlobalSection
	GlobalSection(SolutionProperties) = preSolution
		HideSolutionNode = FALSE
	EndGlobalSection
	GlobalSection(ExtensibilityGlobals) = postSolution
		SolutionGuid = {56366E62-3A78-4E47-A3FB-984EB607353A}
	EndGlobalSection
EndGlobal
